<?xml version="1.0" encoding="utf-8"?>
<Project ToolsVersion="4.0" xmlns="http://schemas.microsoft.com/developer/msbuild/2003">
  <ItemGroup>
    <Filter Include="소스 파일">
      <UniqueIdentifier>{4FC737F1-C7A5-4376-A066-2A32D752A2FF}</UniqueIdentifier>
      <Extensions>cpp;c;cc;cxx;c++;cppm;ixx;def;odl;idl;hpj;bat;asm;asmx</Extensions>
    </Filter>
    <Filter Include="헤더 파일">
      <UniqueIdentifier>{93995380-89BD-4b04-88EB-625FBE52EBFB}</UniqueIdentifier>
      <Extensions>h;hh;hpp;hxx;h++;hm;inl;inc;ipp;xsd</Extensions>
    </Filter>
    <Filter Include="리소스 파일">
      <UniqueIdentifier>{67DA6AB6-F800-4c08-8B7A-83BB121AAD01}</UniqueIdentifier>
      <Extensions>rc;ico;cur;bmp;dlg;rc2;rct;bin;rgs;gif;jpg;jpeg;jpe;resx;tiff;tif;png;wav;mfcribbon-ms</Extensions>
    </Filter>
    <Filter Include="소스 파일\_D2">
      <UniqueIdentifier>{19ff15e5-32b4-4032-9732-a32b0f305f8a}</UniqueIdentifier>
    </Filter>
    <Filter Include="소스 파일\_D3">
      <UniqueIdentifier>{d7a2623e-0cc6-48b3-abbf-b8eff0921709}</UniqueIdentifier>
    </Filter>
  </ItemGroup>
  <ItemGroup>
    <ClCompile Include="_1979_rectangle_plus.cpp">
      <Filter>소스 파일\_D2</Filter>
    </ClCompile>
    <ClCompile Include="_1209_day2_Sum.cpp">
      <Filter>소스 파일\_D3</Filter>
    </ClCompile>
    <ClCompile Include="_1213_day3_String.cpp">
      <Filter>소스 파일\_D3</Filter>
    </ClCompile>
    <ClCompile Include="_1215_day3_Palindrome.cpp">
      <Filter>소스 파일\_D3</Filter>
    </ClCompile>
    <ClCompile Include="_1216_day3_palindrome2.cpp">
      <Filter>소스 파일\_D3</Filter>
    </ClCompile>
    <ClCompile Include="_1217_day4_involution(거듭제곱).cpp">
      <Filter>소스 파일\_D3</Filter>
    </ClCompile>
    <ClCompile Include="_1220_day5_Magnetic.cpp">
      <Filter>소스 파일\_D3</Filter>
    </ClCompile>
    <ClCompile Include="_1221_day5_GNS.cpp">
      <Filter>소스 파일\_D3</Filter>
    </ClCompile>
    <ClCompile Include="_1227_day7_cretate_encoder.cpp">
      <Filter>소스 파일\_D3</Filter>
    </ClCompile>
    <ClCompile Include="_1228_day8_Code_Word.cpp">
      <Filter>소스 파일\_D3</Filter>
    </ClCompile>
    <ClCompile Include="_1229_day8_Code_Word2.cpp">
      <Filter>소스 파일\_D3</Filter>
    </ClCompile>
    <ClCompile Include="_1230_day8_Code_Word3.cpp">
      <Filter>소스 파일\_D3</Filter>
    </ClCompile>
    <ClCompile Include="_1234_day10_Password.cpp">
      <Filter>소스 파일\_D3</Filter>
    </ClCompile>
    <ClCompile Include="vector_test.cpp">
      <Filter>소스 파일\_D3</Filter>
    </ClCompile>
    <ClCompile Include="_1240_apply_day1_simple_binary_code.cpp">
      <Filter>소스 파일\_D3</Filter>
    </ClCompile>
    <ClCompile Include="_1244_apply_day2_Max_prize_money.cpp">
      <Filter>소스 파일\_D3</Filter>
    </ClCompile>
    <ClCompile Include="_1289_Wonjae_Memory.cpp">
      <Filter>소스 파일\_D3</Filter>
    </ClCompile>
  </ItemGroup>
</Project>